
Microsoft Visual Studio Solution File, Format Version 12.00
# Visual Studio 2012
Project("{FAE04EC0-301F-11D3-BF4B-00C04F79EFBC}") = "BrowseHostApp", "BrowseHostApp\BrowseHostApp.csproj", "{D0BA583F-59F5-413C-97EC-E4CE1299A169}"
EndProject
Project("{FAE04EC0-301F-11D3-BF4B-00C04F79EFBC}") = "BrowseHostApp.Tests", "BrowseHostApp.Tests\BrowseHostApp.Tests.csproj", "{880C4AD4-046E-41E3-8025-63155A5813C1}"
EndProject
Global
	GlobalSection(SolutionConfigurationPlatforms) = preSolution
		Debug|Any CPU = Debug|Any CPU
		Release|Any CPU = Release|Any CPU
	EndGlobalSection
	GlobalSection(ProjectConfigurationPlatforms) = postSolution
		{D0BA583F-59F5-413C-97EC-E4CE1299A169}.Debug|Any CPU.ActiveCfg = Debug|Any CPU
		{D0BA583F-59F5-413C-97EC-E4CE1299A169}.Debug|Any CPU.Build.0 = Debug|Any CPU
		{D0BA583F-59F5-413C-97EC-E4CE1299A169}.Release|Any CPU.ActiveCfg = Release|Any CPU
		{D0BA583F-59F5-413C-97EC-E4CE1299A169}.Release|Any CPU.Build.0 = Release|Any CPU
		{880C4AD4-046E-41E3-8025-63155A5813C1}.Debug|Any CPU.ActiveCfg = Debug|Any CPU
		{880C4AD4-046E-41E3-8025-63155A5813C1}.Debug|Any CPU.Build.0 = Debug|Any CPU
		{880C4AD4-046E-41E3-8025-63155A5813C1}.Release|Any CPU.ActiveCfg = Release|Any CPU
		{880C4AD4-046E-41E3-8025-63155A5813C1}.Release|Any CPU.Build.0 = Release|Any CPU
	EndGlobalSection
	GlobalSection(SolutionProperties) = preSolution
		HideSolutionNode = FALSE
	EndGlobalSection
EndGlobal
